Microsoft Visual Studio Solution File, Format Version 12.00
# Visual Studio Version 17
VisualStudioVersion = 17.5.2.0
MinimumVisualStudioVersion = 10.0.40219.1
Project("{FAE04EC0-301F-11D3-BF4B-00C04F79EFBC}") = "Proyecto Wall-E Art", "Proyecto Wall-E Art.csproj", "{1F691813-4033-0C39-CD12-4F8BF86DD57A}"
EndProject
Global
	GlobalSection(SolutionConfigurationPlatforms) = preSolution
		Debug|Any CPU = Debug|Any CPU
		Release|Any CPU = Release|Any CPU
	EndGlobalSection
	GlobalSection(ProjectConfigurationPlatforms) = postSolution
		{1F691813-4033-0C39-CD12-4F8BF86DD57A}.Debug|Any CPU.ActiveCfg = Debug|Any CPU
		{1F691813-4033-0C39-CD12-4F8BF86DD57A}.Debug|Any CPU.Build.0 = Debug|Any CPU
		{1F691813-4033-0C39-CD12-4F8BF86DD57A}.Release|Any CPU.ActiveCfg = Release|Any CPU
		{1F691813-4033-0C39-CD12-4F8BF86DD57A}.Release|Any CPU.Build.0 = Release|Any CPU
	EndGlobalSection
	GlobalSection(SolutionProperties) = preSolution
		HideSolutionNode = FALSE
	EndGlobalSection
	GlobalSection(ExtensibilityGlobals) = postSolution
		SolutionGuid = {F1521DDD-2C73-4F33-99B3-4C482F304AFC}
	EndGlobalSection
EndGlobal
